
Microsoft Visual Studio Solution File, Format Version 12.00
# Visual Studio Version 17
VisualStudioVersion = 17.8.34316.72
MinimumVisualStudioVersion = 10.0.40219.1
Project("{FAE04EC0-301F-11D3-BF4B-00C04F79EFBC}") = "ManagedWebCrawler", "ManagedWebCrawler.csproj", "{DAB385DA-89D1-4FE3-908D-665F72536A54}"
EndProject
Global
	GlobalSection(SolutionConfigurationPlatforms) = preSolution
		Debug|Any CPU = Debug|Any CPU
		Release|Any CPU = Release|Any CPU
	EndGlobalSection
	GlobalSection(ProjectConfigurationPlatforms) = postSolution
		{DAB385DA-89D1-4FE3-908D-665F72536A54}.Debug|Any CPU.ActiveCfg = Debug|Any CPU
		{DAB385DA-89D1-4FE3-908D-665F72536A54}.Debug|Any CPU.Build.0 = Debug|Any CPU
		{DAB385DA-89D1-4FE3-908D-665F72536A54}.Release|Any CPU.ActiveCfg = Release|Any CPU
		{DAB385DA-89D1-4FE3-908D-665F72536A54}.Release|Any CPU.Build.0 = Release|Any CPU
	EndGlobalSection
	GlobalSection(SolutionProperties) = preSolution
		HideSolutionNode = FALSE
	EndGlobalSection
	GlobalSection(ExtensibilityGlobals) = postSolution
		SolutionGuid = {DDAF52CD-A26C-46F4-8F19-70A72B0F1CE9}
	EndGlobalSection
EndGlobal
